
Microsoft Visual Studio Solution File, Format Version 12.00
# Visual Studio Version 16
VisualStudioVersion = 16.0.29424.173
MinimumVisualStudioVersion = 10.0.40219.1
Project("{8BC9CEB8-8B4A-11D0-8D11-00A0C91BC942}") = "OOP3_DZ", "OOP3_DZ.vcxproj", "{63722868-42CD-4399-936D-15E5FA1842D5}"
EndProject
Global
	GlobalSection(SolutionConfigurationPlatforms) = preSolution
		Debug|x64 = Debug|x64
		Debug|x86 = Debug|x86
		Release|x64 = Release|x64
		Release|x86 = Release|x86
	EndGlobalSection
	GlobalSection(ProjectConfigurationPlatforms) = postSolution
		{63722868-42CD-4399-936D-15E5FA1842D5}.Debug|x64.ActiveCfg = Debug|x64
		{63722868-42CD-4399-936D-15E5FA1842D5}.Debug|x64.Build.0 = Debug|x64
		{63722868-42CD-4399-936D-15E5FA1842D5}.Debug|x86.ActiveCfg = Debug|Win32
		{63722868-42CD-4399-936D-15E5FA1842D5}.Debug|x86.Build.0 = Debug|Win32
		{63722868-42CD-4399-936D-15E5FA1842D5}.Release|x64.ActiveCfg = Release|x64
		{63722868-42CD-4399-936D-15E5FA1842D5}.Release|x64.Build.0 = Release|x64
		{63722868-42CD-4399-936D-15E5FA1842D5}.Release|x86.ActiveCfg = Release|Win32
		{63722868-42CD-4399-936D-15E5FA1842D5}.Release|x86.Build.0 = Release|Win32
	EndGlobalSection
	GlobalSection(SolutionProperties) = preSolution
		HideSolutionNode = FALSE
	EndGlobalSection
	GlobalSection(ExtensibilityGlobals) = postSolution
		SolutionGuid = {7783839A-C63C-488A-AA7B-4BA7463A0D47}
	EndGlobalSection
EndGlobal
